[root]
name = "emoji256"
version = "0.1.0"
dependencies = [
 "unicode_names 0.1.7 (git+https://github.com/antifuchs/unicode_names.git?rev=ef5e0676ef93019baf70856dc43583e3e766f8cc)",
]

[[package]]
name = "unicode_names"
version = "0.1.7"
source = "git+https://github.com/antifuchs/unicode_names.git?rev=ef5e0676ef93019baf70856dc43583e3e766f8cc#ef5e0676ef93019baf70856dc43583e3e766f8cc"

[metadata]
"checksum unicode_names 0.1.7 (git+https://github.com/antifuchs/unicode_names.git?rev=ef5e0676ef93019baf70856dc43583e3e766f8cc)" = "<none>"
